
Microsoft Visual Studio Solution File, Format Version 12.00
# Visual Studio Version 17
VisualStudioVersion = 17.5.33516.290
MinimumVisualStudioVersion = 10.0.40219.1
Project("{888888A0-9F3D-457C-B088-3A5042F75D52}") = "scr_tinhoctre", "scr_tinhoctre.pyproj", "{046838EC-2DC6-43D7-B4BD-8B09C7EE5788}"
EndProject
Global
	GlobalSection(SolutionConfigurationPlatforms) = preSolution
		Debug|Any CPU = Debug|Any CPU
		Release|Any CPU = Release|Any CPU
	EndGlobalSection
	GlobalSection(ProjectConfigurationPlatforms) = postSolution
		{046838EC-2DC6-43D7-B4BD-8B09C7EE5788}.Debug|Any CPU.ActiveCfg = Debug|Any CPU
		{046838EC-2DC6-43D7-B4BD-8B09C7EE5788}.Release|Any CPU.ActiveCfg = Release|Any CPU
	EndGlobalSection
	GlobalSection(SolutionProperties) = preSolution
		HideSolutionNode = FALSE
	EndGlobalSection
	GlobalSection(ExtensibilityGlobals) = postSolution
		SolutionGuid = {4382B7FB-B5D5-4E89-BC15-0051D6A6100A}
	EndGlobalSection
EndGlobal
